
Microsoft Visual Studio Solution File, Format Version 12.00
# Visual Studio Version 17
VisualStudioVersion = 17.14.36310.24
MinimumVisualStudioVersion = 10.0.40219.1
Project("{FAE04EC0-301F-11D3-BF4B-00C04F79EFBC}") = "CleanArch.Api", "CleanArch.Api\CleanArch.Api.csproj", "{F9BED432-4EFE-440F-8993-EEDF698C7CDB}"
EndProject
Project("{FAE04EC0-301F-11D3-BF4B-00C04F79EFBC}") = "CleanArch.App", "CleanArch.App\CleanArch.App.csproj", "{8A4B6B89-4918-496A-A483-8BE00A20EDF5}"
EndProject
Project("{FAE04EC0-301F-11D3-BF4B-00C04F79EFBC}") = "CleanArch.Infra", "CleanArch.Infra\CleanArch.Infra.csproj", "{83C9F744-684B-4752-9E7F-18E5F1D3C666}"
EndProject
Project("{FAE04EC0-301F-11D3-BF4B-00C04F79EFBC}") = "CleanArch.Domain", "CleanArch.Domain\CleanArch.Domain.csproj", "{18E62AC1-D607-4DAB-871A-157FFC7C5209}"
EndProject
Project("{FAE04EC0-301F-11D3-BF4B-00C04F79EFBC}") = "CleanArch.Common", "CleanArch.Common\CleanArch.Common.csproj", "{921FBEA8-1DC2-41BB-A258-D86AB2A0C957}"
EndProject
Global
	GlobalSection(SolutionConfigurationPlatforms) = preSolution
		Debug|Any CPU = Debug|Any CPU
		Release|Any CPU = Release|Any CPU
	EndGlobalSection
	GlobalSection(ProjectConfigurationPlatforms) = postSolution
		{F9BED432-4EFE-440F-8993-EEDF698C7CDB}.Debug|Any CPU.ActiveCfg = Debug|Any CPU
		{F9BED432-4EFE-440F-8993-EEDF698C7CDB}.Debug|Any CPU.Build.0 = Debug|Any CPU
		{F9BED432-4EFE-440F-8993-EEDF698C7CDB}.Release|Any CPU.ActiveCfg = Release|Any CPU
		{F9BED432-4EFE-440F-8993-EEDF698C7CDB}.Release|Any CPU.Build.0 = Release|Any CPU
		{8A4B6B89-4918-496A-A483-8BE00A20EDF5}.Debug|Any CPU.ActiveCfg = Debug|Any CPU
		{8A4B6B89-4918-496A-A483-8BE00A20EDF5}.Debug|Any CPU.Build.0 = Debug|Any CPU
		{8A4B6B89-4918-496A-A483-8BE00A20EDF5}.Release|Any CPU.ActiveCfg = Release|Any CPU
		{8A4B6B89-4918-496A-A483-8BE00A20EDF5}.Release|Any CPU.Build.0 = Release|Any CPU
		{83C9F744-684B-4752-9E7F-18E5F1D3C666}.Debug|Any CPU.ActiveCfg = Debug|Any CPU
		{83C9F744-684B-4752-9E7F-18E5F1D3C666}.Debug|Any CPU.Build.0 = Debug|Any CPU
		{83C9F744-684B-4752-9E7F-18E5F1D3C666}.Release|Any CPU.ActiveCfg = Release|Any CPU
		{83C9F744-684B-4752-9E7F-18E5F1D3C666}.Release|Any CPU.Build.0 = Release|Any CPU
		{18E62AC1-D607-4DAB-871A-157FFC7C5209}.Debug|Any CPU.ActiveCfg = Debug|Any CPU
		{18E62AC1-D607-4DAB-871A-157FFC7C5209}.Debug|Any CPU.Build.0 = Debug|Any CPU
		{18E62AC1-D607-4DAB-871A-157FFC7C5209}.Release|Any CPU.ActiveCfg = Release|Any CPU
		{18E62AC1-D607-4DAB-871A-157FFC7C5209}.Release|Any CPU.Build.0 = Release|Any CPU
		{921FBEA8-1DC2-41BB-A258-D86AB2A0C957}.Debug|Any CPU.ActiveCfg = Debug|Any CPU
		{921FBEA8-1DC2-41BB-A258-D86AB2A0C957}.Debug|Any CPU.Build.0 = Debug|Any CPU
		{921FBEA8-1DC2-41BB-A258-D86AB2A0C957}.Release|Any CPU.ActiveCfg = Release|Any CPU
		{921FBEA8-1DC2-41BB-A258-D86AB2A0C957}.Release|Any CPU.Build.0 = Release|Any CPU
	EndGlobalSection
	GlobalSection(SolutionProperties) = preSolution
		HideSolutionNode = FALSE
	EndGlobalSection
	GlobalSection(ExtensibilityGlobals) = postSolution
		SolutionGuid = {2BADF17F-E5D3-4175-825D-6E3838C0DBEB}
	EndGlobalSection
EndGlobal
